
Microsoft Visual Studio Solution File, Format Version 12.00
# Visual Studio Version 16
VisualStudioVersion = 16.0.31410.357
MinimumVisualStudioVersion = 10.0.40219.1
Project("{FAE04EC0-301F-11D3-BF4B-00C04F79EFBC}") = "FluentBuilderInheritance", "FluentBuilderInheritance.csproj", "{590B12B8-5088-4BA2-961C-508A63911AAF}"
EndProject
Global
	GlobalSection(SolutionConfigurationPlatforms) = preSolution
		Debug|Any CPU = Debug|Any CPU
		Release|Any CPU = Release|Any CPU
	EndGlobalSection
	GlobalSection(ProjectConfigurationPlatforms) = postSolution
		{590B12B8-5088-4BA2-961C-508A63911AAF}.Debug|Any CPU.ActiveCfg = Debug|Any CPU
		{590B12B8-5088-4BA2-961C-508A63911AAF}.Debug|Any CPU.Build.0 = Debug|Any CPU
		{590B12B8-5088-4BA2-961C-508A63911AAF}.Release|Any CPU.ActiveCfg = Release|Any CPU
		{590B12B8-5088-4BA2-961C-508A63911AAF}.Release|Any CPU.Build.0 = Release|Any CPU
	EndGlobalSection
	GlobalSection(SolutionProperties) = preSolution
		HideSolutionNode = FALSE
	EndGlobalSection
	GlobalSection(ExtensibilityGlobals) = postSolution
		SolutionGuid = {D5339E48-6462-40E5-8796-149380DCA6C7}
	EndGlobalSection
EndGlobal
