
Microsoft Visual Studio Solution File, Format Version 12.00
# Visual Studio Version 16
VisualStudioVersion = 16.0.31410.357
MinimumVisualStudioVersion = 10.0.40219.1
Project("{FAE04EC0-301F-11D3-BF4B-00C04F79EFBC}") = "HtmlBuilderWithoutBuilder", "HtmlBuilderWithoutBuilder.csproj", "{D0D0F554-2269-409D-B2C3-F3A3A61A0B49}"
EndProject
Global
	GlobalSection(SolutionConfigurationPlatforms) = preSolution
		Debug|Any CPU = Debug|Any CPU
		Release|Any CPU = Release|Any CPU
	EndGlobalSection
	GlobalSection(ProjectConfigurationPlatforms) = postSolution
		{D0D0F554-2269-409D-B2C3-F3A3A61A0B49}.Debug|Any CPU.ActiveCfg = Debug|Any CPU
		{D0D0F554-2269-409D-B2C3-F3A3A61A0B49}.Debug|Any CPU.Build.0 = Debug|Any CPU
		{D0D0F554-2269-409D-B2C3-F3A3A61A0B49}.Release|Any CPU.ActiveCfg = Release|Any CPU
		{D0D0F554-2269-409D-B2C3-F3A3A61A0B49}.Release|Any CPU.Build.0 = Release|Any CPU
	EndGlobalSection
	GlobalSection(SolutionProperties) = preSolution
		HideSolutionNode = FALSE
	EndGlobalSection
	GlobalSection(ExtensibilityGlobals) = postSolution
		SolutionGuid = {682F8479-DE4B-498D-9AE8-40BFE81F0DF5}
	EndGlobalSection
EndGlobal
